// !$*UTF8*$!
{
	archiveVersion = 1;
	classes = {
	};
	objectVersion = 70;
	objects = {

/* Begin PBXBuildFile section */
		58FF4F012FC47AC600DF7156 /* KORAShare.appex in Embed Foundation Extensions */ = {isa = PBXBuildFile; fileRef = 58FF4EF72FC47AC600DF7156 /* KORAShare.appex */; settings = {ATTRIBUTES = (RemoveHeadersOnCopy, ); }; };
		AA001 /* KORAApp.swift in Sources */ = {isa = PBXBuildFile; fileRef = AA101 /* KORAApp.swift */; };
		AA002 /* ContentView.swift in Sources */ = {isa = PBXBuildFile; fileRef = AA102 /* ContentView.swift */; };
		AA003 /* MainTabView.swift in Sources */ = {isa = PBXBuildFile; fileRef = AA103 /* MainTabView.swift */; };
		AA004 /* SaveView.swift in Sources */ = {isa = PBXBuildFile; fileRef = AA104 /* SaveView.swift */; };
		AA005 /* SaveViewModel.swift in Sources */ = {isa = PBXBuildFile; fileRef = AA105 /* SaveViewModel.swift */; };
		AA006 /* PlaceCardView.swift in Sources */ = {isa = PBXBuildFile; fileRef = AA106 /* PlaceCardView.swift */; };
		AA007 /* GoView.swift in Sources */ = {isa = PBXBuildFile; fileRef = AA107 /* GoView.swift */; };
		AA008 /* NowView.swift in Sources */ = {isa = PBXBuildFile; fileRef = AA108 /* NowView.swift */; };
		AA009 /* ShareView.swift in Sources */ = {isa = PBXBuildFile; fileRef = AA109 /* ShareView.swift */; };
		AA010 /* Place.swift in Sources */ = {isa = PBXBuildFile; fileRef = AA110 /* Place.swift */; };
		AA011 /* Review.swift in Sources */ = {isa = PBXBuildFile; fileRef = AA111 /* Review.swift */; };
		AA012 /* KORATheme.swift in Sources */ = {isa = PBXBuildFile; fileRef = AA112 /* KORATheme.swift */; };
		AA013 /* KORAButton.swift in Sources */ = {isa = PBXBuildFile; fileRef = AA113 /* KORAButton.swift */; };
		AA014 /* LinkParserService.swift in Sources */ = {isa = PBXBuildFile; fileRef = AA114 /* LinkParserService.swift */; };
		AA015 /* NowViewModel.swift in Sources */ = {isa = PBXBuildFile; fileRef = AA115 /* NowViewModel.swift */; };
		AA016 /* GoViewModel.swift in Sources */ = {isa = PBXBuildFile; fileRef = AA116 /* GoViewModel.swift */; };
		AA017 /* EmptyStateView.swift in Sources */ = {isa = PBXBuildFile; fileRef = AA117 /* EmptyStateView.swift */; };
		AA018 /* Assets.xcassets in Resources */ = {isa = PBXBuildFile; fileRef = AA118 /* Assets.xcassets */; };
		AA019 /* Localizable.xcstrings in Resources */ = {isa = PBXBuildFile; fileRef = AA119 /* Localizable.xcstrings */; };
		AA020 /* PlaceStore.swift in Sources */ = {isa = PBXBuildFile; fileRef = AA120 /* PlaceStore.swift */; };
		AA021 /* KakaoConfig.swift in Sources */ = {isa = PBXBuildFile; fileRef = AA121 /* KakaoConfig.swift */; };
		AA022 /* KakaoLocalService.swift in Sources */ = {isa = PBXBuildFile; fileRef = AA122 /* KakaoLocalService.swift */; };
		AA023 /* SubwayView.swift in Sources */ = {isa = PBXBuildFile; fileRef = AA123 /* SubwayView.swift */; };
		AA024 /* seoul_metro.pdf in Resources */ = {isa = PBXBuildFile; fileRef = AA124 /* seoul_metro.pdf */; };
		AA025 /* SubwayLineData.swift in Sources */ = {isa = PBXBuildFile; fileRef = AA125 /* SubwayLineData.swift */; };
		AA027 /* SubwayStationLocale.swift in Sources */ = {isa = PBXBuildFile; fileRef = AA127 /* SubwayStationLocale.swift */; };
		AA028 /* subway_jp.pdf in Resources */ = {isa = PBXBuildFile; fileRef = AA128 /* subway_jp.pdf */; };
		AA029 /* SubwayNavigatorView.swift in Sources */ = {isa = PBXBuildFile; fileRef = AA129 /* SubwayNavigatorView.swift */; };
		AA030 /* NavigationCoordinator.swift in Sources */ = {isa = PBXBuildFile; fileRef = AA130 /* NavigationCoordinator.swift */; };
		AA031 /* LocationService.swift in Sources */ = {isa = PBXBuildFile; fileRef = AA131 /* LocationService.swift */; };
		AA032 /* SharedInbox.swift in Sources */ = {isa = PBXBuildFile; fileRef = AA132 /* SharedInbox.swift */; };
		AA033 /* SubwayStationCoordinates.swift in Sources */ = {isa = PBXBuildFile; fileRef = AA133 /* SubwayStationCoordinates.swift */; };
		AA040 /* SubwayStationLocaleValidation.swift in Sources */ = {isa = PBXBuildFile; fileRef = AA140 /* SubwayStationLocaleValidation.swift */; };
		AA041 /* SubwayStationChineseNames.swift in Sources */ = {isa = PBXBuildFile; fileRef = AA141 /* SubwayStationChineseNames.swift */; };
		AA034 /* SubwayScheduleService.swift in Sources */ = {isa = PBXBuildFile; fileRef = AA134 /* SubwayScheduleService.swift */; };
		AA035 /* RealtimeArrivalService.swift in Sources */ = {isa = PBXBuildFile; fileRef = AA135 /* RealtimeArrivalService.swift */; };
/* End PBXBuildFile section */

/* Begin PBXContainerItemProxy section */
		58FF4EFF2FC47AC600DF7156 /* PBXContainerItemProxy */ = {
			isa = PBXContainerItemProxy;
			containerPortal = AA700 /* Project object */;
			proxyType = 1;
			remoteGlobalIDString = 58FF4EF62FC47AC600DF7156;
			remoteInfo = KORAShare;
		};
/* End PBXContainerItemProxy section */

/* Begin PBXCopyFilesBuildPhase section */
		58FF4F022FC47AC600DF7156 /* Embed Foundation Extensions */ = {
			isa = PBXCopyFilesBuildPhase;
			buildActionMask = 2147483647;
			dstPath = "";
			dstSubfolderSpec = 13;
			files = (
				58FF4F012FC47AC600DF7156 /* KORAShare.appex in Embed Foundation Extensions */,
			);
			name = "Embed Foundation Extensions";
			runOnlyForDeploymentPostprocessing = 0;
		};
/* End PBXCopyFilesBuildPhase section */

/* Begin PBXFileReference section */
		58FF4EF72FC47AC600DF7156 /* KORAShare.appex */ = {isa = PBXFileReference; explicitFileType = "wrapper.app-extension"; includeInIndex = 0; path = KORAShare.appex; sourceTree = BUILT_PRODUCTS_DIR; };
		58FF4F082FC47ADC00DF7156 /* KORA.entitlements */ = {isa = PBXFileReference; lastKnownFileType = text.plist.entitlements; path = KORA.entitlements; sourceTree = "<group>"; };
		AA101 /* KORAApp.swift */ = {isa = PBXFileReference; lastKnownFileType = sourcecode.swift; path = KORAApp.swift; sourceTree = "<group>"; };
		AA102 /* ContentView.swift */ = {isa = PBXFileReference; lastKnownFileType = sourcecode.swift; path = ContentView.swift; sourceTree = "<group>"; };
		AA103 /* MainTabView.swift */ = {isa = PBXFileReference; lastKnownFileType = sourcecode.swift; path = MainTabView.swift; sourceTree = "<group>"; };
		AA104 /* SaveView.swift */ = {isa = PBXFileReference; lastKnownFileType = sourcecode.swift; path = SaveView.swift; sourceTree = "<group>"; };
		AA105 /* SaveViewModel.swift */ = {isa = PBXFileReference; lastKnownFileType = sourcecode.swift; path = SaveViewModel.swift; sourceTree = "<group>"; };
		AA106 /* PlaceCardView.swift */ = {isa = PBXFileReference; lastKnownFileType = sourcecode.swift; path = PlaceCardView.swift; sourceTree = "<group>"; };
		AA107 /* GoView.swift */ = {isa = PBXFileReference; lastKnownFileType = sourcecode.swift; path = GoView.swift; sourceTree = "<group>"; };
		AA108 /* NowView.swift */ = {isa = PBXFileReference; lastKnownFileType = sourcecode.swift; path = NowView.swift; sourceTree = "<group>"; };
		AA109 /* ShareView.swift */ = {isa = PBXFileReference; lastKnownFileType = sourcecode.swift; path = ShareView.swift; sourceTree = "<group>"; };
		AA110 /* Place.swift */ = {isa = PBXFileReference; lastKnownFileType = sourcecode.swift; path = Place.swift; sourceTree = "<group>"; };
		AA111 /* Review.swift */ = {isa = PBXFileReference; lastKnownFileType = sourcecode.swift; path = Review.swift; sourceTree = "<group>"; };
		AA112 /* KORATheme.swift */ = {isa = PBXFileReference; lastKnownFileType = sourcecode.swift; path = KORATheme.swift; sourceTree = "<group>"; };
		AA113 /* KORAButton.swift */ = {isa = PBXFileReference; lastKnownFileType = sourcecode.swift; path = KORAButton.swift; sourceTree = "<group>"; };
		AA114 /* LinkParserService.swift */ = {isa = PBXFileReference; lastKnownFileType = sourcecode.swift; path = LinkParserService.swift; sourceTree = "<group>"; };
		AA115 /* NowViewModel.swift */ = {isa = PBXFileReference; lastKnownFileType = sourcecode.swift; path = NowViewModel.swift; sourceTree = "<group>"; };
		AA116 /* GoViewModel.swift */ = {isa = PBXFileReference; lastKnownFileType = sourcecode.swift; path = GoViewModel.swift; sourceTree = "<group>"; };
		AA117 /* EmptyStateView.swift */ = {isa = PBXFileReference; lastKnownFileType = sourcecode.swift; path = EmptyStateView.swift; sourceTree = "<group>"; };
		AA118 /* Assets.xcassets */ = {isa = PBXFileReference; lastKnownFileType = folder.assetcatalog; path = Assets.xcassets; sourceTree = "<group>"; };
		AA119 /* Localizable.xcstrings */ = {isa = PBXFileReference; lastKnownFileType = text.json.xcstrings; path = Localizable.xcstrings; sourceTree = "<group>"; };
		AA120 /* PlaceStore.swift */ = {isa = PBXFileReference; lastKnownFileType = sourcecode.swift; path = PlaceStore.swift; sourceTree = "<group>"; };
		AA121 /* KakaoConfig.swift */ = {isa = PBXFileReference; lastKnownFileType = sourcecode.swift; path = KakaoConfig.swift; sourceTree = "<group>"; };
		AA122 /* KakaoLocalService.swift */ = {isa = PBXFileReference; lastKnownFileType = sourcecode.swift; path = KakaoLocalService.swift; sourceTree = "<group>"; };
		AA123 /* SubwayView.swift */ = {isa = PBXFileReference; lastKnownFileType = sourcecode.swift; path = SubwayView.swift; sourceTree = "<group>"; };
		AA124 /* seoul_metro.pdf */ = {isa = PBXFileReference; lastKnownFileType = com.adobe.pdf; path = seoul_metro.pdf; sourceTree = "<group>"; };
		AA125 /* SubwayLineData.swift */ = {isa = PBXFileReference; lastKnownFileType = sourcecode.swift; path = SubwayLineData.swift; sourceTree = "<group>"; };
		AA127 /* SubwayStationLocale.swift */ = {isa = PBXFileReference; lastKnownFileType = sourcecode.swift; path = SubwayStationLocale.swift; sourceTree = "<group>"; };
		AA128 /* subway_jp.pdf */ = {isa = PBXFileReference; lastKnownFileType = com.adobe.pdf; path = subway_jp.pdf; sourceTree = "<group>"; };
		AA129 /* SubwayNavigatorView.swift */ = {isa = PBXFileReference; lastKnownFileType = sourcecode.swift; path = SubwayNavigatorView.swift; sourceTree = "<group>"; };
		AA130 /* NavigationCoordinator.swift */ = {isa = PBXFileReference; lastKnownFileType = sourcecode.swift; path = NavigationCoordinator.swift; sourceTree = "<group>"; };
		AA131 /* LocationService.swift */ = {isa = PBXFileReference; lastKnownFileType = sourcecode.swift; path = LocationService.swift; sourceTree = "<group>"; };
		AA132 /* SharedInbox.swift */ = {isa = PBXFileReference; lastKnownFileType = sourcecode.swift; path = SharedInbox.swift; sourceTree = "<group>"; };
		AA133 /* SubwayStationCoordinates.swift */ = {isa = PBXFileReference; lastKnownFileType = sourcecode.swift; path = SubwayStationCoordinates.swift; sourceTree = "<group>"; };
		AA140 /* SubwayStationLocaleValidation.swift */ = {isa = PBXFileReference; lastKnownFileType = sourcecode.swift; path = SubwayStationLocaleValidation.swift; sourceTree = "<group>"; };
		AA141 /* SubwayStationChineseNames.swift */ = {isa = PBXFileReference; lastKnownFileType = sourcecode.swift; path = SubwayStationChineseNames.swift; sourceTree = "<group>"; };
		AA134 /* SubwayScheduleService.swift */ = {isa = PBXFileReference; lastKnownFileType = sourcecode.swift; path = SubwayScheduleService.swift; sourceTree = "<group>"; };
		AA135 /* RealtimeArrivalService.swift */ = {isa = PBXFileReference; lastKnownFileType = sourcecode.swift; path = RealtimeArrivalService.swift; sourceTree = "<group>"; };
		AA200 /* KORA.app */ = {isa = PBXFileReference; explicitFileType = wrapper.application; includeInIndex = 0; path = KORA.app; sourceTree = BUILT_PRODUCTS_DIR; };
/* End PBXFileReference section */

/* Begin PBXFileSystemSynchronizedBuildFileExceptionSet section */
		58FF4F052FC47AC600DF7156 /* PBXFileSystemSynchronizedBuildFileExceptionSet */ = {
			isa = PBXFileSystemSynchronizedBuildFileExceptionSet;
			membershipExceptions = (
				Info.plist,
			);
			target = 58FF4EF62FC47AC600DF7156 /* KORAShare */;
		};
/* End PBXFileSystemSynchronizedBuildFileExceptionSet section */

/* Begin PBXFileSystemSynchronizedRootGroup section */
		58FF4EF82FC47AC600DF7156 /* KORAShare */ = {isa = PBXFileSystemSynchronizedRootGroup; exceptions = (58FF4F052FC47AC600DF7156 /* PBXFileSystemSynchronizedBuildFileExceptionSet */, ); explicitFileTypes = {}; explicitFolders = (); path = KORAShare; sourceTree = "<group>"; };
/* End PBXFileSystemSynchronizedRootGroup section */

/* Begin PBXFrameworksBuildPhase section */
		58FF4EF42FC47AC600DF7156 /* Frameworks */ = {
			isa = PBXFrameworksBuildPhase;
			buildActionMask = 2147483647;
			files = (
			);
			runOnlyForDeploymentPostprocessing = 0;
		};
		AA300 /* Frameworks */ = {
			isa = PBXFrameworksBuildPhase;
			buildActionMask = 2147483647;
			files = (
			);
			runOnlyForDeploymentPostprocessing = 0;
		};
/* End PBXFrameworksBuildPhase section */

/* Begin PBXGroup section */
		AA400 = {
			isa = PBXGroup;
			children = (
				AA401 /* KORA */,
				58FF4EF82FC47AC600DF7156 /* KORAShare */,
				AA402 /* Products */,
			);
			sourceTree = "<group>";
		};
		AA401 /* KORA */ = {
			isa = PBXGroup;
			children = (
				58FF4F082FC47ADC00DF7156 /* KORA.entitlements */,
				AA101 /* KORAApp.swift */,
				AA102 /* ContentView.swift */,
				AA103 /* MainTabView.swift */,
				AA410 /* Sources */,
				AA118 /* Assets.xcassets */,
				AA119 /* Localizable.xcstrings */,
				AA124 /* seoul_metro.pdf */,
				AA128 /* subway_jp.pdf */,
			);
			path = KORA;
			sourceTree = "<group>";
		};
		AA402 /* Products */ = {
			isa = PBXGroup;
			children = (
				AA200 /* KORA.app */,
				58FF4EF72FC47AC600DF7156 /* KORAShare.appex */,
			);
			name = Products;
			sourceTree = "<group>";
		};
		AA410 /* Sources */ = {
			isa = PBXGroup;
			children = (
				AA411 /* Features */,
				AA412 /* Common */,
			);
			path = Sources;
			sourceTree = "<group>";
		};
		AA411 /* Features */ = {
			isa = PBXGroup;
			children = (
				AA420 /* Save */,
				AA421 /* Go */,
				AA424 /* Subway */,
				AA422 /* Now */,
				AA423 /* Share */,
			);
			path = Features;
			sourceTree = "<group>";
		};
		AA412 /* Common */ = {
			isa = PBXGroup;
			children = (
				AA430 /* Models */,
				AA431 /* Components */,
				AA432 /* Theme */,
				AA433 /* Services */,
			);
			path = Common;
			sourceTree = "<group>";
		};
		AA420 /* Save */ = {
			isa = PBXGroup;
			children = (
				AA104 /* SaveView.swift */,
				AA105 /* SaveViewModel.swift */,
				AA106 /* PlaceCardView.swift */,
				AA114 /* LinkParserService.swift */,
			);
			path = Save;
			sourceTree = "<group>";
		};
		AA421 /* Go */ = {
			isa = PBXGroup;
			children = (
				AA107 /* GoView.swift */,
				AA116 /* GoViewModel.swift */,
			);
			path = Go;
			sourceTree = "<group>";
		};
		AA422 /* Now */ = {
			isa = PBXGroup;
			children = (
				AA108 /* NowView.swift */,
				AA115 /* NowViewModel.swift */,
			);
			path = Now;
			sourceTree = "<group>";
		};
		AA423 /* Share */ = {
			isa = PBXGroup;
			children = (
				AA109 /* ShareView.swift */,
			);
			path = Share;
			sourceTree = "<group>";
		};
		AA424 /* Subway */ = {
			isa = PBXGroup;
			children = (
				AA123 /* SubwayView.swift */,
				AA125 /* SubwayLineData.swift */,
				AA127 /* SubwayStationLocale.swift */,
				AA129 /* SubwayNavigatorView.swift */,
				AA133 /* SubwayStationCoordinates.swift */,
				AA140 /* SubwayStationLocaleValidation.swift */,
				AA141 /* SubwayStationChineseNames.swift */,
				AA134 /* SubwayScheduleService.swift */,
				AA135 /* RealtimeArrivalService.swift */,
			);
			path = Subway;
			sourceTree = "<group>";
		};
		AA430 /* Models */ = {
			isa = PBXGroup;
			children = (
				AA110 /* Place.swift */,
				AA111 /* Review.swift */,
				AA120 /* PlaceStore.swift */,
			);
			path = Models;
			sourceTree = "<group>";
		};
		AA431 /* Components */ = {
			isa = PBXGroup;
			children = (
				AA113 /* KORAButton.swift */,
				AA117 /* EmptyStateView.swift */,
			);
			path = Components;
			sourceTree = "<group>";
		};
		AA432 /* Theme */ = {
			isa = PBXGroup;
			children = (
				AA112 /* KORATheme.swift */,
			);
			path = Theme;
			sourceTree = "<group>";
		};
		AA433 /* Services */ = {
			isa = PBXGroup;
			children = (
				AA121 /* KakaoConfig.swift */,
				AA122 /* KakaoLocalService.swift */,
				AA130 /* NavigationCoordinator.swift */,
				AA131 /* LocationService.swift */,
				AA132 /* SharedInbox.swift */,
			);
			path = Services;
			sourceTree = "<group>";
		};
/* End PBXGroup section */

/* Begin PBXNativeTarget section */
		58FF4EF62FC47AC600DF7156 /* KORAShare */ = {
			isa = PBXNativeTarget;
			buildConfigurationList = 58FF4F062FC47AC600DF7156 /* Build configuration list for PBXNativeTarget "KORAShare" */;
			buildPhases = (
				58FF4EF32FC47AC600DF7156 /* Sources */,
				58FF4EF42FC47AC600DF7156 /* Frameworks */,
				58FF4EF52FC47AC600DF7156 /* Resources */,
			);
			buildRules = (
			);
			dependencies = (
			);
			fileSystemSynchronizedGroups = (
				58FF4EF82FC47AC600DF7156 /* KORAShare */,
			);
			name = KORAShare;
			packageProductDependencies = (
			);
			productName = KORAShare;
			productReference = 58FF4EF72FC47AC600DF7156 /* KORAShare.appex */;
			productType = "com.apple.product-type.app-extension";
		};
		AA500 /* KORA */ = {
			isa = PBXNativeTarget;
			buildConfigurationList = AA600 /* Build configuration list for PBXNativeTarget "KORA" */;
			buildPhases = (
				AA300 /* Frameworks */,
				AA501 /* Sources */,
				AA502 /* Resources */,
				58FF4F022FC47AC600DF7156 /* Embed Foundation Extensions */,
			);
			buildRules = (
			);
			dependencies = (
				58FF4F002FC47AC600DF7156 /* PBXTargetDependency */,
			);
			name = KORA;
			productName = KORA;
			productReference = AA200 /* KORA.app */;
			productType = "com.apple.product-type.application";
		};
/* End PBXNativeTarget section */

/* Begin PBXProject section */
		AA700 /* Project object */ = {
			isa = PBXProject;
			attributes = {
				BuildIndependentTargetsInParallel = 1;
				LastSwiftUpdateCheck = 2630;
				LastUpgradeCheck = 2620;
				TargetAttributes = {
					58FF4EF62FC47AC600DF7156 = {
						CreatedOnToolsVersion = 26.3;
					};
					AA500 = {
						CreatedOnToolsVersion = 15.3;
					};
				};
			};
			buildConfigurationList = AA701 /* Build configuration list for PBXProject "KORA" */;
			compatibilityVersion = "Xcode 14.0";
			developmentRegion = ja;
			hasScannedForEncodings = 0;
			knownRegions = (
				en,
				ja,
				ko,
				Base,
			);
			mainGroup = AA400;
			productRefGroup = AA402 /* Products */;
			projectDirPath = "";
			projectRoot = "";
			targets = (
				AA500 /* KORA */,
				58FF4EF62FC47AC600DF7156 /* KORAShare */,
			);
		};
/* End PBXProject section */

/* Begin PBXResourcesBuildPhase section */
		58FF4EF52FC47AC600DF7156 /* Resources */ = {
			isa = PBXResourcesBuildPhase;
			buildActionMask = 2147483647;
			files = (
			);
			runOnlyForDeploymentPostprocessing = 0;
		};
		AA502 /* Resources */ = {
			isa = PBXResourcesBuildPhase;
			buildActionMask = 2147483647;
			files = (
				AA018 /* Assets.xcassets in Resources */,
				AA019 /* Localizable.xcstrings in Resources */,
				AA024 /* seoul_metro.pdf in Resources */,
				AA028 /* subway_jp.pdf in Resources */,
			);
			runOnlyForDeploymentPostprocessing = 0;
		};
/* End PBXResourcesBuildPhase section */

/* Begin PBXSourcesBuildPhase section */
		58FF4EF32FC47AC600DF7156 /* Sources */ = {
			isa = PBXSourcesBuildPhase;
			buildActionMask = 2147483647;
			files = (
			);
			runOnlyForDeploymentPostprocessing = 0;
		};
		AA501 /* Sources */ = {
			isa = PBXSourcesBuildPhase;
			buildActionMask = 2147483647;
			files = (
				AA001 /* KORAApp.swift in Sources */,
				AA002 /* ContentView.swift in Sources */,
				AA003 /* MainTabView.swift in Sources */,
				AA004 /* SaveView.swift in Sources */,
				AA005 /* SaveViewModel.swift in Sources */,
				AA006 /* PlaceCardView.swift in Sources */,
				AA007 /* GoView.swift in Sources */,
				AA008 /* NowView.swift in Sources */,
				AA009 /* ShareView.swift in Sources */,
				AA010 /* Place.swift in Sources */,
				AA011 /* Review.swift in Sources */,
				AA012 /* KORATheme.swift in Sources */,
				AA013 /* KORAButton.swift in Sources */,
				AA014 /* LinkParserService.swift in Sources */,
				AA015 /* NowViewModel.swift in Sources */,
				AA016 /* GoViewModel.swift in Sources */,
				AA017 /* EmptyStateView.swift in Sources */,
				AA020 /* PlaceStore.swift in Sources */,
				AA021 /* KakaoConfig.swift in Sources */,
				AA022 /* KakaoLocalService.swift in Sources */,
				AA030 /* NavigationCoordinator.swift in Sources */,
				AA031 /* LocationService.swift in Sources */,
				AA032 /* SharedInbox.swift in Sources */,
				AA023 /* SubwayView.swift in Sources */,
				AA025 /* SubwayLineData.swift in Sources */,
				AA027 /* SubwayStationLocale.swift in Sources */,
				AA029 /* SubwayNavigatorView.swift in Sources */,
				AA033 /* SubwayStationCoordinates.swift in Sources */,
				AA040 /* SubwayStationLocaleValidation.swift in Sources */,
				AA041 /* SubwayStationChineseNames.swift in Sources */,
				AA034 /* SubwayScheduleService.swift in Sources */,
				AA035 /* RealtimeArrivalService.swift in Sources */,
			);
			runOnlyForDeploymentPostprocessing = 0;
		};
/* End PBXSourcesBuildPhase section */

/* Begin PBXTargetDependency section */
		58FF4F002FC47AC600DF7156 /* PBXTargetDependency */ = {
			isa = PBXTargetDependency;
			target = 58FF4EF62FC47AC600DF7156 /* KORAShare */;
			targetProxy = 58FF4EFF2FC47AC600DF7156 /* PBXContainerItemProxy */;
		};
/* End PBXTargetDependency section */

/* Begin XCBuildConfiguration section */
		58FF4F032FC47AC600DF7156 /* Debug */ = {
			isa = XCBuildConfiguration;
			buildSettings = {
				CODE_SIGN_ENTITLEMENTS = KORAShare/KORAShare.entitlements;
				CODE_SIGN_STYLE = Automatic;
				CURRENT_PROJECT_VERSION = 1;
				GENERATE_INFOPLIST_FILE = YES;
				INFOPLIST_FILE = KORAShare/Info.plist;
				INFOPLIST_KEY_CFBundleDisplayName = KORAShare;
				INFOPLIST_KEY_NSHumanReadableCopyright = "";
				IPHONEOS_DEPLOYMENT_TARGET = 17.0;
				LD_RUNPATH_SEARCH_PATHS = (
					"$(inherited)",
					"@executable_path/Frameworks",
					"@executable_path/../../Frameworks",
				);
				LOCALIZATION_PREFERS_STRING_CATALOGS = YES;
				MARKETING_VERSION = 1.0;
				PRODUCT_BUNDLE_IDENTIFIER = com.kora.leeo.KORAShare;
				PRODUCT_NAME = "$(TARGET_NAME)";
				SKIP_INSTALL = YES;
				STRING_CATALOG_GENERATE_SYMBOLS = YES;
				SWIFT_APPROACHABLE_CONCURRENCY = YES;
				SWIFT_EMIT_LOC_STRINGS = YES;
				SWIFT_UPCOMING_FEATURE_MEMBER_IMPORT_VISIBILITY = YES;
				SWIFT_VERSION = 5.0;
				TARGETED_DEVICE_FAMILY = "1,2";
			};
			name = Debug;
		};
		58FF4F042FC47AC600DF7156 /* Release */ = {
			isa = XCBuildConfiguration;
			buildSettings = {
				CODE_SIGN_ENTITLEMENTS = KORAShare/KORAShare.entitlements;
				CODE_SIGN_STYLE = Automatic;
				CURRENT_PROJECT_VERSION = 1;
				GENERATE_INFOPLIST_FILE = YES;
				INFOPLIST_FILE = KORAShare/Info.plist;
				INFOPLIST_KEY_CFBundleDisplayName = KORAShare;
				INFOPLIST_KEY_NSHumanReadableCopyright = "";
				IPHONEOS_DEPLOYMENT_TARGET = 17.0;
				LD_RUNPATH_SEARCH_PATHS = (
					"$(inherited)",
					"@executable_path/Frameworks",
					"@executable_path/../../Frameworks",
				);
				LOCALIZATION_PREFERS_STRING_CATALOGS = YES;
				MARKETING_VERSION = 1.0;
				MTL_ENABLE_DEBUG_INFO = NO;
				PRODUCT_BUNDLE_IDENTIFIER = com.kora.leeo.KORAShare;
				PRODUCT_NAME = "$(TARGET_NAME)";
				SKIP_INSTALL = YES;
				STRING_CATALOG_GENERATE_SYMBOLS = YES;
				SWIFT_APPROACHABLE_CONCURRENCY = YES;
				SWIFT_EMIT_LOC_STRINGS = YES;
				SWIFT_UPCOMING_FEATURE_MEMBER_IMPORT_VISIBILITY = YES;
				SWIFT_VERSION = 5.0;
				TARGETED_DEVICE_FAMILY = "1,2";
			};
			name = Release;
		};
		AA601 /* Debug */ = {
			isa = XCBuildConfiguration;
			buildSettings = {
				ALWAYS_SEARCH_USER_PATHS = NO;
				ASSETCATALOG_COMPILER_GENERATE_SWIFT_ASSET_SYMBOL_EXTENSIONS = YES;
				CLANG_ANALYZER_LOCALIZABILITY_NONLOCALIZED = YES;
				CLANG_ANALYZER_NONNULL = YES;
				CLANG_ANALYZER_NUMBER_OBJECT_CONVERSION = YES_AGGRESSIVE;
				CLANG_CXX_LANGUAGE_STANDARD = "gnu++20";
				CLANG_ENABLE_MODULES = YES;
				CLANG_ENABLE_OBJC_ARC = YES;
				CLANG_ENABLE_OBJC_WEAK = YES;
				CLANG_WARN_BLOCK_CAPTURE_AUTORELEASING = YES;
				CLANG_WARN_BOOL_CONVERSION = YES;
				CLANG_WARN_COMMA = YES;
				CLANG_WARN_CONSTANT_CONVERSION = YES;
				CLANG_WARN_DEPRECATED_OBJC_IMPLEMENTATIONS = YES;
				CLANG_WARN_DIRECT_OBJC_ISA_USAGE = YES_ERROR;
				CLANG_WARN_DOCUMENTATION_COMMENTS = YES;
				CLANG_WARN_EMPTY_BODY = YES;
				CLANG_WARN_ENUM_CONVERSION = YES;
				CLANG_WARN_INFINITE_RECURSION = YES;
				CLANG_WARN_INT_CONVERSION = YES;
				CLANG_WARN_NON_LITERAL_NULL_CONVERSION = YES;
				CLANG_WARN_OBJC_IMPLICIT_RETAIN_SELF = YES;
				CLANG_WARN_OBJC_LITERAL_CONVERSION = YES;
				CLANG_WARN_OBJC_ROOT_CLASS = YES_ERROR;
				CLANG_WARN_QUOTED_INCLUDE_IN_FRAMEWORK_HEADER = YES;
				CLANG_WARN_RANGE_LOOP_ANALYSIS = YES;
				CLANG_WARN_STRICT_PROTOTYPES = YES;
				CLANG_WARN_SUSPICIOUS_MOVE = YES;
				CLANG_WARN_UNGUARDED_AVAILABILITY = YES_AGGRESSIVE;
				CLANG_WARN_UNREACHABLE_CODE = YES;
				CLANG_WARN__DUPLICATE_METHOD_MATCH = YES;
				COPY_PHASE_STRIP = NO;
				DEBUG_INFORMATION_FORMAT = dwarf;
				DEVELOPMENT_TEAM = QGAQ3AY3R3;
				ENABLE_STRICT_OBJC_MSGSEND = YES;
				ENABLE_TESTABILITY = YES;
				ENABLE_USER_SCRIPT_SANDBOXING = YES;
				GCC_C_LANGUAGE_STANDARD = gnu17;
				GCC_DYNAMIC_NO_PIC = NO;
				GCC_NO_COMMON_BLOCKS = YES;
				GCC_OPTIMIZATION_LEVEL = 0;
				GCC_PREPROCESSOR_DEFINITIONS = (
					"DEBUG=1",
					"$(inherited)",
				);
				GCC_WARN_64_TO_32_BIT_CONVERSION = YES;
				GCC_WARN_ABOUT_RETURN_TYPE = YES_ERROR;
				GCC_WARN_UNDECLARED_SELECTOR = YES;
				GCC_WARN_UNINITIALIZED_AUTOS = YES_AGGRESSIVE;
				GCC_WARN_UNUSED_FUNCTION = YES;
				GCC_WARN_UNUSED_VARIABLE = YES;
				IPHONEOS_DEPLOYMENT_TARGET = 17.0;
				MTL_ENABLE_DEBUG_INFO = INCLUDE_SOURCE;
				MTL_FAST_MATH = YES;
				ONLY_ACTIVE_ARCH = YES;
				SDKROOT = iphoneos;
				STRING_CATALOG_GENERATE_SYMBOLS = YES;
				SWIFT_ACTIVE_COMPILATION_CONDITIONS = "DEBUG $(inherited)";
				SWIFT_OPTIMIZATION_LEVEL = "-Onone";
			};
			name = Debug;
		};
		AA602 /* Release */ = {
			isa = XCBuildConfiguration;
			buildSettings = {
				ALWAYS_SEARCH_USER_PATHS = NO;
				ASSETCATALOG_COMPILER_GENERATE_SWIFT_ASSET_SYMBOL_EXTENSIONS = YES;
				CLANG_ANALYZER_LOCALIZABILITY_NONLOCALIZED = YES;
				CLANG_ANALYZER_NONNULL = YES;
				CLANG_ANALYZER_NUMBER_OBJECT_CONVERSION = YES_AGGRESSIVE;
				CLANG_CXX_LANGUAGE_STANDARD = "gnu++20";
				CLANG_ENABLE_MODULES = YES;
				CLANG_ENABLE_OBJC_ARC = YES;
				CLANG_ENABLE_OBJC_WEAK = YES;
				CLANG_WARN_BLOCK_CAPTURE_AUTORELEASING = YES;
				CLANG_WARN_BOOL_CONVERSION = YES;
				CLANG_WARN_COMMA = YES;
				CLANG_WARN_CONSTANT_CONVERSION = YES;
				CLANG_WARN_DEPRECATED_OBJC_IMPLEMENTATIONS = YES;
				CLANG_WARN_DIRECT_OBJC_ISA_USAGE = YES_ERROR;
				CLANG_WARN_DOCUMENTATION_COMMENTS = YES;
				CLANG_WARN_EMPTY_BODY = YES;
				CLANG_WARN_ENUM_CONVERSION = YES;
				CLANG_WARN_INFINITE_RECURSION = YES;
				CLANG_WARN_INT_CONVERSION = YES;
				CLANG_WARN_NON_LITERAL_NULL_CONVERSION = YES;
				CLANG_WARN_OBJC_IMPLICIT_RETAIN_SELF = YES;
				CLANG_WARN_OBJC_LITERAL_CONVERSION = YES;
				CLANG_WARN_OBJC_ROOT_CLASS = YES_ERROR;
				CLANG_WARN_QUOTED_INCLUDE_IN_FRAMEWORK_HEADER = YES;
				CLANG_WARN_RANGE_LOOP_ANALYSIS = YES;
				CLANG_WARN_STRICT_PROTOTYPES = YES;
				CLANG_WARN_SUSPICIOUS_MOVE = YES;
				CLANG_WARN_UNGUARDED_AVAILABILITY = YES_AGGRESSIVE;
				CLANG_WARN_UNREACHABLE_CODE = YES;
				CLANG_WARN__DUPLICATE_METHOD_MATCH = YES;
				COPY_PHASE_STRIP = NO;
				DEBUG_INFORMATION_FORMAT = "dwarf-with-dsym";
				DEVELOPMENT_TEAM = QGAQ3AY3R3;
				ENABLE_NS_ASSERTIONS = NO;
				ENABLE_STRICT_OBJC_MSGSEND = YES;
				ENABLE_USER_SCRIPT_SANDBOXING = YES;
				GCC_C_LANGUAGE_STANDARD = gnu17;
				GCC_NO_COMMON_BLOCKS = YES;
				GCC_WARN_64_TO_32_BIT_CONVERSION = YES;
				GCC_WARN_ABOUT_RETURN_TYPE = YES_ERROR;
				GCC_WARN_UNDECLARED_SELECTOR = YES;
				GCC_WARN_UNINITIALIZED_AUTOS = YES_AGGRESSIVE;
				GCC_WARN_UNUSED_FUNCTION = YES;
				GCC_WARN_UNUSED_VARIABLE = YES;
				IPHONEOS_DEPLOYMENT_TARGET = 17.0;
				MTL_FAST_MATH = YES;
				SDKROOT = iphoneos;
				STRING_CATALOG_GENERATE_SYMBOLS = YES;
				SWIFT_COMPILATION_MODE = wholemodule;
				VALIDATE_PRODUCT = YES;
			};
			name = Release;
		};
		AA603 /* Debug */ = {
			isa = XCBuildConfiguration;
			buildSettings = {
				ASSETCATALOG_COMPILER_APPICON_NAME = AppIcon;
				ASSETCATALOG_COMPILER_GLOBAL_ACCENT_COLOR_NAME = AccentColor;
				CODE_SIGN_ENTITLEMENTS = KORA/KORA.entitlements;
				CODE_SIGN_STYLE = Automatic;
				CURRENT_PROJECT_VERSION = 1;
				GENERATE_INFOPLIST_FILE = YES;
				INFOPLIST_FILE = KORA/Info.plist;
				INFOPLIST_KEY_CFBundleDisplayName = KORA;
				INFOPLIST_KEY_NSCameraUsageDescription = "カメラでQRコードをスキャンします。";
				INFOPLIST_KEY_NSLocationWhenInUseUsageDescription = "周辺のホットプレイスとリアルタイム情報を提供します。";
				INFOPLIST_KEY_NSPhotoLibraryUsageDescription = "スポットの写真を保存します。";
				INFOPLIST_KEY_UIApplicationSceneManifest_Generation = YES;
				INFOPLIST_KEY_UIApplicationSupportsIndirectInputEvents = YES;
				INFOPLIST_KEY_UILaunchScreen_Generation = YES;
				INFOPLIST_KEY_UILaunchStoryboardName = LaunchScreen;
				INFOPLIST_KEY_UIRequiredDeviceCapabilities = armv7;
				INFOPLIST_KEY_UISupportedInterfaceOrientations = UIInterfaceOrientationPortrait;
				INFOPLIST_KEY_UISupportedInterfaceOrientations_iPhone = UIInterfaceOrientationPortrait;
				IPHONEOS_DEPLOYMENT_TARGET = 17.0;
				LD_RUNPATH_SEARCH_PATHS = "@executable_path/Frameworks";
				MARKETING_VERSION = 1.0;
				PRODUCT_BUNDLE_IDENTIFIER = com.kora.leeo;
				PRODUCT_NAME = "$(TARGET_NAME)";
				SDKROOT = iphoneos;
				SWIFT_EMIT_LOC_STRINGS = YES;
				SWIFT_VERSION = 5.0;
				TARGETED_DEVICE_FAMILY = 1;
			};
			name = Debug;
		};
		AA604 /* Release */ = {
			isa = XCBuildConfiguration;
			buildSettings = {
				ASSETCATALOG_COMPILER_APPICON_NAME = AppIcon;
				ASSETCATALOG_COMPILER_GLOBAL_ACCENT_COLOR_NAME = AccentColor;
				CODE_SIGN_ENTITLEMENTS = KORA/KORA.entitlements;
				CODE_SIGN_STYLE = Automatic;
				CURRENT_PROJECT_VERSION = 1;
				GENERATE_INFOPLIST_FILE = YES;
				INFOPLIST_FILE = KORA/Info.plist;
				INFOPLIST_KEY_CFBundleDisplayName = KORA;
				INFOPLIST_KEY_NSCameraUsageDescription = "カメラでQRコードをスキャンします。";
				INFOPLIST_KEY_NSLocationWhenInUseUsageDescription = "周辺のホットプレイスとリアルタイム情報を提供します。";
				INFOPLIST_KEY_NSPhotoLibraryUsageDescription = "スポットの写真を保存します。";
				INFOPLIST_KEY_UIApplicationSceneManifest_Generation = YES;
				INFOPLIST_KEY_UIApplicationSupportsIndirectInputEvents = YES;
				INFOPLIST_KEY_UILaunchScreen_Generation = YES;
				INFOPLIST_KEY_UILaunchStoryboardName = LaunchScreen;
				INFOPLIST_KEY_UIRequiredDeviceCapabilities = armv7;
				INFOPLIST_KEY_UISupportedInterfaceOrientations = UIInterfaceOrientationPortrait;
				INFOPLIST_KEY_UISupportedInterfaceOrientations_iPhone = UIInterfaceOrientationPortrait;
				IPHONEOS_DEPLOYMENT_TARGET = 17.0;
				LD_RUNPATH_SEARCH_PATHS = "@executable_path/Frameworks";
				MARKETING_VERSION = 1.0;
				PRODUCT_BUNDLE_IDENTIFIER = com.kora.leeo;
				PRODUCT_NAME = "$(TARGET_NAME)";
				SDKROOT = iphoneos;
				SWIFT_EMIT_LOC_STRINGS = YES;
				SWIFT_VERSION = 5.0;
				TARGETED_DEVICE_FAMILY = 1;
			};
			name = Release;
		};
/* End XCBuildConfiguration section */

/* Begin XCConfigurationList section */
		58FF4F062FC47AC600DF7156 /* Build configuration list for PBXNativeTarget "KORAShare" */ = {
			isa = XCConfigurationList;
			buildConfigurations = (
				58FF4F032FC47AC600DF7156 /* Debug */,
				58FF4F042FC47AC600DF7156 /* Release */,
			);
			defaultConfigurationIsVisible = 0;
			defaultConfigurationName = Release;
		};
		AA600 /* Build configuration list for PBXNativeTarget "KORA" */ = {
			isa = XCConfigurationList;
			buildConfigurations = (
				AA603 /* Debug */,
				AA604 /* Release */,
			);
			defaultConfigurationIsVisible = 0;
			defaultConfigurationName = Release;
		};
		AA701 /* Build configuration list for PBXProject "KORA" */ = {
			isa = XCConfigurationList;
			buildConfigurations = (
				AA601 /* Debug */,
				AA602 /* Release */,
			);
			defaultConfigurationIsVisible = 0;
			defaultConfigurationName = Release;
		};
/* End XCConfigurationList section */
	};
	rootObject = AA700 /* Project object */;
}
